
Microsoft Visual Studio Solution File, Format Version 12.00
# Visual Studio 15
VisualStudioVersion = 15.0.27703.2026
MinimumVisualStudioVersion = 10.0.40219.1
Project("{FAE04EC0-301F-11D3-BF4B-00C04F79EFBC}") = "Biblioteca", "Biblioteca\Biblioteca.csproj", "{3549C8CC-9712-4B92-A8BE-3C1FD644B6AA}"
EndProject
Project("{FAE04EC0-301F-11D3-BF4B-00C04F79EFBC}") = "WebTransito", "WebTransito\WebTransito.csproj", "{4ADB1037-F7E5-4F09-9BAD-A421EEF857E7}"
EndProject
Global
	GlobalSection(SolutionConfigurationPlatforms) = preSolution
		Debug|Any CPU = Debug|Any CPU
		Release|Any CPU = Release|Any CPU
	EndGlobalSection
	GlobalSection(ProjectConfigurationPlatforms) = postSolution
		{3549C8CC-9712-4B92-A8BE-3C1FD644B6AA}.Debug|Any CPU.ActiveCfg = Debug|Any CPU
		{3549C8CC-9712-4B92-A8BE-3C1FD644B6AA}.Debug|Any CPU.Build.0 = Debug|Any CPU
		{3549C8CC-9712-4B92-A8BE-3C1FD644B6AA}.Release|Any CPU.ActiveCfg = Release|Any CPU
		{3549C8CC-9712-4B92-A8BE-3C1FD644B6AA}.Release|Any CPU.Build.0 = Release|Any CPU
		{4ADB1037-F7E5-4F09-9BAD-A421EEF857E7}.Debug|Any CPU.ActiveCfg = Debug|Any CPU
		{4ADB1037-F7E5-4F09-9BAD-A421EEF857E7}.Debug|Any CPU.Build.0 = Debug|Any CPU
		{4ADB1037-F7E5-4F09-9BAD-A421EEF857E7}.Release|Any CPU.ActiveCfg = Release|Any CPU
		{4ADB1037-F7E5-4F09-9BAD-A421EEF857E7}.Release|Any CPU.Build.0 = Release|Any CPU
	EndGlobalSection
	GlobalSection(SolutionProperties) = preSolution
		HideSolutionNode = FALSE
	EndGlobalSection
	GlobalSection(ExtensibilityGlobals) = postSolution
		SolutionGuid = {798E8038-009F-4DB5-B974-0D93CAD3E257}
	EndGlobalSection
EndGlobal
